// !$*UTF8*$!
{
	archiveVersion = 1;
	classes = {
	};
	objectVersion = 48;
	objects = {

/* Begin PBXBuildFile section */
		3C2A07331F49B700009A7B63 /* AppDelegate.swift in Sources */ = {isa = PBXBuildFile; fileRef = 3C2A07321F49B700009A7B63 /* AppDelegate.swift */; };
		3C2A07381F49B700009A7B63 /* Main.storyboard in Resources */ = {isa = PBXBuildFile; fileRef = 3C2A07361F49B700009A7B63 /* Main.storyboard */; };
		3C2A073A1F49B700009A7B63 /* Assets.xcassets in Resources */ = {isa = PBXBuildFile; fileRef = 3C2A07391F49B700009A7B63 /* Assets.xcassets */; };
		3C2A073D1F49B700009A7B63 /* LaunchScreen.storyboard in Resources */ = {isa = PBXBuildFile; fileRef = 3C2A073B1F49B700009A7B63 /* LaunchScreen.storyboard */; };
		3C343D941F4D405E00F5ECB7 /* SWRevealViewController.m in Sources */ = {isa = PBXBuildFile; fileRef = 3C343D931F4D404A00F5ECB7 /* SWRevealViewController.m */; };
		3C343D971F4D478B00F5ECB7 /* GradientView.swift in Sources */ = {isa = PBXBuildFile; fileRef = 3C343D961F4D478B00F5ECB7 /* GradientView.swift */; };
		3C3D9F121F4E93DA00A292CB /* Constants.swift in Sources */ = {isa = PBXBuildFile; fileRef = 3C3D9F111F4E93DA00A292CB /* Constants.swift */; };
		3C3D9F141F4E998900A292CB /* LoginVC.swift in Sources */ = {isa = PBXBuildFile; fileRef = 3C3D9F131F4E998900A292CB /* LoginVC.swift */; };
		3C6B42431F4C89AA002B44AF /* ChatVC.swift in Sources */ = {isa = PBXBuildFile; fileRef = 3C6B42421F4C89AA002B44AF /* ChatVC.swift */; };
		3C6B42451F4C89B8002B44AF /* ChannelVC.swift in Sources */ = {isa = PBXBuildFile; fileRef = 3C6B42441F4C89B8002B44AF /* ChannelVC.swift */; };
		BF5EB41632384070A5B098CA /* Pods_Smack.framework in Frameworks */ = {isa = PBXBuildFile; fileRef = 686A3F207CB1B029978D43F5 /* Pods_Smack.framework */; };
/* End PBXBuildFile section */

/* Begin PBXFileReference section */
		3C2A072F1F49B700009A7B63 /* Smack.app */ = {isa = PBXFileReference; explicitFileType = wrapper.application; includeInIndex = 0; path = Smack.app; sourceTree = BUILT_PRODUCTS_DIR; };
		3C2A07321F49B700009A7B63 /* AppDelegate.swift */ = {isa = PBXFileReference; lastKnownFileType = sourcecode.swift; path = AppDelegate.swift; sourceTree = "<group>"; };
		3C2A07371F49B700009A7B63 /* Base */ = {isa = PBXFileReference; lastKnownFileType = file.storyboard; name = Base; path = Base.lproj/Main.storyboard; sourceTree = "<group>"; };
		3C2A07391F49B700009A7B63 /* Assets.xcassets */ = {isa = PBXFileReference; lastKnownFileType = folder.assetcatalog; path = Assets.xcassets; sourceTree = "<group>"; };
		3C2A073C1F49B700009A7B63 /* Base */ = {isa = PBXFileReference; lastKnownFileType = file.storyboard; name = Base; path = Base.lproj/LaunchScreen.storyboard; sourceTree = "<group>"; };
		3C2A073E1F49B700009A7B63 /* Info.plist */ = {isa = PBXFileReference; lastKnownFileType = text.plist.xml; path = Info.plist; sourceTree = "<group>"; };
		3C343D921F4D404A00F5ECB7 /* SWRevealViewController.h */ = {isa = PBXFileReference; lastKnownFileType = sourcecode.c.h; path = SWRevealViewController.h; sourceTree = "<group>"; };
		3C343D931F4D404A00F5ECB7 /* SWRevealViewController.m */ = {isa = PBXFileReference; lastKnownFileType = sourcecode.c.objc; path = SWRevealViewController.m; sourceTree = "<group>"; };
		3C343D951F4D40A300F5ECB7 /* Smack-Bridging-Header.h */ = {isa = PBXFileReference; lastKnownFileType = sourcecode.c.h; path = "Smack-Bridging-Header.h"; sourceTree = "<group>"; };
		3C343D961F4D478B00F5ECB7 /* GradientView.swift */ = {isa = PBXFileReference; lastKnownFileType = sourcecode.swift; path = GradientView.swift; sourceTree = "<group>"; };
		3C3D9F111F4E93DA00A292CB /* Constants.swift */ = {isa = PBXFileReference; lastKnownFileType = sourcecode.swift; path = Constants.swift; sourceTree = "<group>"; };
		3C3D9F131F4E998900A292CB /* LoginVC.swift */ = {isa = PBXFileReference; lastKnownFileType = sourcecode.swift; path = LoginVC.swift; sourceTree = "<group>"; };
		3C6B42421F4C89AA002B44AF /* ChatVC.swift */ = {isa = PBXFileReference; lastKnownFileType = sourcecode.swift; path = ChatVC.swift; sourceTree = "<group>"; };
		3C6B42441F4C89B8002B44AF /* ChannelVC.swift */ = {isa = PBXFileReference; lastKnownFileType = sourcecode.swift; path = ChannelVC.swift; sourceTree = "<group>"; };
		42EA38CE6E3845F88EC7719F /* Pods-Smack.debug.xcconfig */ = {isa = PBXFileReference; includeInIndex = 1; lastKnownFileType = text.xcconfig; name = "Pods-Smack.debug.xcconfig"; path = "Pods/Target Support Files/Pods-Smack/Pods-Smack.debug.xcconfig"; sourceTree = "<group>"; };
		686A3F207CB1B029978D43F5 /* Pods_Smack.framework */ = {isa = PBXFileReference; explicitFileType = wrapper.framework; includeInIndex = 0; path = Pods_Smack.framework; sourceTree = BUILT_PRODUCTS_DIR; };
		E1EE509554556941B3EB8CAA /* Pods-Smack.release.xcconfig */ = {isa = PBXFileReference; includeInIndex = 1; lastKnownFileType = text.xcconfig; name = "Pods-Smack.release.xcconfig"; path = "Pods/Target Support Files/Pods-Smack/Pods-Smack.release.xcconfig"; sourceTree = "<group>"; };
/* End PBXFileReference section */

/* Begin PBXFrameworksBuildPhase section */
		3C2A072C1F49B700009A7B63 /* Frameworks */ = {
			isa = PBXFrameworksBuildPhase;
			buildActionMask = 2147483647;
			files = (
				BF5EB41632384070A5B098CA /* Pods_Smack.framework in Frameworks */,
			);
			runOnlyForDeploymentPostprocessing = 0;
		};
/* End PBXFrameworksBuildPhase section */

/* Begin PBXGroup section */
		3C2A07261F49B700009A7B63 = {
			isa = PBXGroup;
			children = (
				3C2A07311F49B700009A7B63 /* Smack */,
				3C2A07301F49B700009A7B63 /* Products */,
				9EC1A963957169D00413D3E4 /* Pods */,
				F6ABA2DD73C43C9CF06CFA15 /* Frameworks */,
			);
			sourceTree = "<group>";
		};
		3C2A07301F49B700009A7B63 /* Products */ = {
			isa = PBXGroup;
			children = (
				3C2A072F1F49B700009A7B63 /* Smack.app */,
			);
			name = Products;
			sourceTree = "<group>";
		};
		3C2A07311F49B700009A7B63 /* Smack */ = {
			isa = PBXGroup;
			children = (
				3C3D9F101F4E93BC00A292CB /* Utilities */,
				3C6B42411F4C898D002B44AF /* Model */,
				3C6B42401F4C8982002B44AF /* View */,
				3C6B423F1F4C8977002B44AF /* Controller */,
				3C6B423B1F4C85E1002B44AF /* Supporting Files */,
				3C2A07321F49B700009A7B63 /* AppDelegate.swift */,
				3C2A07361F49B700009A7B63 /* Main.storyboard */,
				3C2A07391F49B700009A7B63 /* Assets.xcassets */,
				3C2A073B1F49B700009A7B63 /* LaunchScreen.storyboard */,
				3C2A073E1F49B700009A7B63 /* Info.plist */,
			);
			path = Smack;
			sourceTree = "<group>";
		};
		3C3D9F101F4E93BC00A292CB /* Utilities */ = {
			isa = PBXGroup;
			children = (
				3C3D9F111F4E93DA00A292CB /* Constants.swift */,
			);
			path = Utilities;
			sourceTree = "<group>";
		};
		3C6B423B1F4C85E1002B44AF /* Supporting Files */ = {
			isa = PBXGroup;
			children = (
				3C343D921F4D404A00F5ECB7 /* SWRevealViewController.h */,
				3C343D931F4D404A00F5ECB7 /* SWRevealViewController.m */,
				3C343D951F4D40A300F5ECB7 /* Smack-Bridging-Header.h */,
			);
			path = "Supporting Files";
			sourceTree = "<group>";
		};
		3C6B423F1F4C8977002B44AF /* Controller */ = {
			isa = PBXGroup;
			children = (
				3C6B42421F4C89AA002B44AF /* ChatVC.swift */,
				3C6B42441F4C89B8002B44AF /* ChannelVC.swift */,
				3C3D9F131F4E998900A292CB /* LoginVC.swift */,
			);
			path = Controller;
			sourceTree = "<group>";
		};
		3C6B42401F4C8982002B44AF /* View */ = {
			isa = PBXGroup;
			children = (
				3C343D961F4D478B00F5ECB7 /* GradientView.swift */,
			);
			path = View;
			sourceTree = "<group>";
		};
		3C6B42411F4C898D002B44AF /* Model */ = {
			isa = PBXGroup;
			children = (
			);
			path = Model;
			sourceTree = "<group>";
		};
		9EC1A963957169D00413D3E4 /* Pods */ = {
			isa = PBXGroup;
			children = (
				42EA38CE6E3845F88EC7719F /* Pods-Smack.debug.xcconfig */,
				E1EE509554556941B3EB8CAA /* Pods-Smack.release.xcconfig */,
			);
			name = Pods;
			sourceTree = "<group>";
		};
		F6ABA2DD73C43C9CF06CFA15 /* Frameworks */ = {
			isa = PBXGroup;
			children = (
				686A3F207CB1B029978D43F5 /* Pods_Smack.framework */,
			);
			name = Frameworks;
			sourceTree = "<group>";
		};
/* End PBXGroup section */

/* Begin PBXNativeTarget section */
		3C2A072E1F49B700009A7B63 /* Smack */ = {
			isa = PBXNativeTarget;
			buildConfigurationList = 3C2A07411F49B700009A7B63 /* Build configuration list for PBXNativeTarget "Smack" */;
			buildPhases = (
				6B2582FACDE421F0EB237044 /* [CP] Check Pods Manifest.lock */,
				3C2A072B1F49B700009A7B63 /* Sources */,
				3C2A072C1F49B700009A7B63 /* Frameworks */,
				3C2A072D1F49B700009A7B63 /* Resources */,
				ECCC5EFB8F72781D633EF3D3 /* [CP] Embed Pods Frameworks */,
				E0A35E9F324E7BBCD6E5CFDF /* [CP] Copy Pods Resources */,
			);
			buildRules = (
			);
			dependencies = (
			);
			name = Smack;
			productName = Smack;
			productReference = 3C2A072F1F49B700009A7B63 /* Smack.app */;
			productType = "com.apple.product-type.application";
		};
/* End PBXNativeTarget section */

/* Begin PBXProject section */
		3C2A07271F49B700009A7B63 /* Project object */ = {
			isa = PBXProject;
			attributes = {
				LastSwiftUpdateCheck = 0900;
				LastUpgradeCheck = 0900;
				ORGANIZATIONNAME = phucledien;
				TargetAttributes = {
					3C2A072E1F49B700009A7B63 = {
						CreatedOnToolsVersion = 9.0;
						LastSwiftMigration = 0900;
					};
				};
			};
			buildConfigurationList = 3C2A072A1F49B700009A7B63 /* Build configuration list for PBXProject "Smack" */;
			compatibilityVersion = "Xcode 8.0";
			developmentRegion = en;
			hasScannedForEncodings = 0;
			knownRegions = (
				en,
				Base,
			);
			mainGroup = 3C2A07261F49B700009A7B63;
			productRefGroup = 3C2A07301F49B700009A7B63 /* Products */;
			projectDirPath = "";
			projectRoot = "";
			targets = (
				3C2A072E1F49B700009A7B63 /* Smack */,
			);
		};
/* End PBXProject section */

/* Begin PBXResourcesBuildPhase section */
		3C2A072D1F49B700009A7B63 /* Resources */ = {
			isa = PBXResourcesBuildPhase;
			buildActionMask = 2147483647;
			files = (
				3C2A073D1F49B700009A7B63 /* LaunchScreen.storyboard in Resources */,
				3C2A073A1F49B700009A7B63 /* Assets.xcassets in Resources */,
				3C2A07381F49B700009A7B63 /* Main.storyboard in Resources */,
			);
			runOnlyForDeploymentPostprocessing = 0;
		};
/* End PBXResourcesBuildPhase section */

/* Begin PBXShellScriptBuildPhase section */
		6B2582FACDE421F0EB237044 /* [CP] Check Pods Manifest.lock */ = {
			isa = PBXShellScriptBuildPhase;
			buildActionMask = 2147483647;
			files = (
			);
			inputPaths = (
			);
			name = "[CP] Check Pods Manifest.lock";
			outputPaths = (
			);
			runOnlyForDeploymentPostprocessing = 0;
			shellPath = /bin/sh;
			shellScript = "diff \"${PODS_ROOT}/../Podfile.lock\" \"${PODS_ROOT}/Manifest.lock\" > /dev/null\nif [ $? != 0 ] ; then\n    # print error to STDERR\n    echo \"error: The sandbox is not in sync with the Podfile.lock. Run 'pod install' or update your CocoaPods installation.\" >&2\n    exit 1\nfi\n";
			showEnvVarsInLog = 0;
		};
		E0A35E9F324E7BBCD6E5CFDF /* [CP] Copy Pods Resources */ = {
			isa = PBXShellScriptBuildPhase;
			buildActionMask = 2147483647;
			files = (
			);
			inputPaths = (
			);
			name = "[CP] Copy Pods Resources";
			outputPaths = (
			);
			runOnlyForDeploymentPostprocessing = 0;
			shellPath = /bin/sh;
			shellScript = "\"${SRCROOT}/Pods/Target Support Files/Pods-Smack/Pods-Smack-resources.sh\"\n";
			showEnvVarsInLog = 0;
		};
		ECCC5EFB8F72781D633EF3D3 /* [CP] Embed Pods Frameworks */ = {
			isa = PBXShellScriptBuildPhase;
			buildActionMask = 2147483647;
			files = (
			);
			inputPaths = (
			);
			name = "[CP] Embed Pods Frameworks";
			outputPaths = (
			);
			runOnlyForDeploymentPostprocessing = 0;
			shellPath = /bin/sh;
			shellScript = "\"${SRCROOT}/Pods/Target Support Files/Pods-Smack/Pods-Smack-frameworks.sh\"\n";
			showEnvVarsInLog = 0;
		};
/* End PBXShellScriptBuildPhase section */

/* Begin PBXSourcesBuildPhase section */
		3C2A072B1F49B700009A7B63 /* Sources */ = {
			isa = PBXSourcesBuildPhase;
			buildActionMask = 2147483647;
			files = (
				3C6B42431F4C89AA002B44AF /* ChatVC.swift in Sources */,
				3C6B42451F4C89B8002B44AF /* ChannelVC.swift in Sources */,
				3C3D9F141F4E998900A292CB /* LoginVC.swift in Sources */,
				3C343D971F4D478B00F5ECB7 /* GradientView.swift in Sources */,
				3C2A07331F49B700009A7B63 /* AppDelegate.swift in Sources */,
				3C343D941F4D405E00F5ECB7 /* SWRevealViewController.m in Sources */,
				3C3D9F121F4E93DA00A292CB /* Constants.swift in Sources */,
			);
			runOnlyForDeploymentPostprocessing = 0;
		};
/* End PBXSourcesBuildPhase section */

/* Begin PBXVariantGroup section */
		3C2A07361F49B700009A7B63 /* Main.storyboard */ = {
			isa = PBXVariantGroup;
			children = (
				3C2A07371F49B700009A7B63 /* Base */,
			);
			name = Main.storyboard;
			sourceTree = "<group>";
		};
		3C2A073B1F49B700009A7B63 /* LaunchScreen.storyboard */ = {
			isa = PBXVariantGroup;
			children = (
				3C2A073C1F49B700009A7B63 /* Base */,
			);
			name = LaunchScreen.storyboard;
			sourceTree = "<group>";
		};
/* End PBXVariantGroup section */

/* Begin XCBuildConfiguration section */
		3C2A073F1F49B700009A7B63 /* Debug */ = {
			isa = XCBuildConfiguration;
			buildSettings = {
				ALWAYS_SEARCH_USER_PATHS = NO;
				CLANG_ANALYZER_NONNULL = YES;
				CLANG_ANALYZER_NUMBER_OBJECT_CONVERSION = YES_AGGRESSIVE;
				CLANG_CXX_LANGUAGE_STANDARD = "gnu++14";
				CLANG_CXX_LIBRARY = "libc++";
				CLANG_ENABLE_MODULES = YES;
				CLANG_ENABLE_OBJC_ARC = YES;
				CLANG_WARN_BLOCK_CAPTURE_AUTORELEASING = YES;
				CLANG_WARN_BOOL_CONVERSION = YES;
				CLANG_WARN_COMMA = YES;
				CLANG_WARN_CONSTANT_CONVERSION = YES;
				CLANG_WARN_DIRECT_OBJC_ISA_USAGE = YES_ERROR;
				CLANG_WARN_DOCUMENTATION_COMMENTS = YES;
				CLANG_WARN_EMPTY_BODY = YES;
				CLANG_WARN_ENUM_CONVERSION = YES;
				CLANG_WARN_INFINITE_RECURSION = YES;
				CLANG_WARN_INT_CONVERSION = YES;
				CLANG_WARN_NON_LITERAL_NULL_CONVERSION = YES;
				CLANG_WARN_OBJC_LITERAL_CONVERSION = YES;
				CLANG_WARN_OBJC_ROOT_CLASS = YES_ERROR;
				CLANG_WARN_RANGE_LOOP_ANALYSIS = YES;
				CLANG_WARN_STRICT_PROTOTYPES = YES;
				CLANG_WARN_SUSPICIOUS_MOVE = YES;
				CLANG_WARN_UNGUARDED_AVAILABILITY = YES_AGGRESSIVE;
				CLANG_WARN_UNREACHABLE_CODE = YES;
				CLANG_WARN__DUPLICATE_METHOD_MATCH = YES;
				CODE_SIGN_IDENTITY = "iPhone Developer";
				COPY_PHASE_STRIP = NO;
				DEBUG_INFORMATION_FORMAT = dwarf;
				ENABLE_STRICT_OBJC_MSGSEND = YES;
				ENABLE_TESTABILITY = YES;
				GCC_C_LANGUAGE_STANDARD = gnu11;
				GCC_DYNAMIC_NO_PIC = NO;
				GCC_NO_COMMON_BLOCKS = YES;
				GCC_OPTIMIZATION_LEVEL = 0;
				GCC_PREPROCESSOR_DEFINITIONS = (
					"DEBUG=1",
					"$(inherited)",
				);
				GCC_WARN_64_TO_32_BIT_CONVERSION = YES;
				GCC_WARN_ABOUT_RETURN_TYPE = YES_ERROR;
				GCC_WARN_UNDECLARED_SELECTOR = YES;
				GCC_WARN_UNINITIALIZED_AUTOS = YES_AGGRESSIVE;
				GCC_WARN_UNUSED_FUNCTION = YES;
				GCC_WARN_UNUSED_VARIABLE = YES;
				IPHONEOS_DEPLOYMENT_TARGET = 11.0;
				MTL_ENABLE_DEBUG_INFO = YES;
				ONLY_ACTIVE_ARCH = YES;
				SDKROOT = iphoneos;
				SWIFT_ACTIVE_COMPILATION_CONDITIONS = DEBUG;
				SWIFT_OPTIMIZATION_LEVEL = "-Onone";
				SWIFT_VERSION = "";
			};
			name = Debug;
		};
		3C2A07401F49B700009A7B63 /* Release */ = {
			isa = XCBuildConfiguration;
			buildSettings = {
				ALWAYS_SEARCH_USER_PATHS = NO;
				CLANG_ANALYZER_NONNULL = YES;
				CLANG_ANALYZER_NUMBER_OBJECT_CONVERSION = YES_AGGRESSIVE;
				CLANG_CXX_LANGUAGE_STANDARD = "gnu++14";
				CLANG_CXX_LIBRARY = "libc++";
				CLANG_ENABLE_MODULES = YES;
				CLANG_ENABLE_OBJC_ARC = YES;
				CLANG_WARN_BLOCK_CAPTURE_AUTORELEASING = YES;
				CLANG_WARN_BOOL_CONVERSION = YES;
				CLANG_WARN_COMMA = YES;
				CLANG_WARN_CONSTANT_CONVERSION = YES;
				CLANG_WARN_DIRECT_OBJC_ISA_USAGE = YES_ERROR;
				CLANG_WARN_DOCUMENTATION_COMMENTS = YES;
				CLANG_WARN_EMPTY_BODY = YES;
				CLANG_WARN_ENUM_CONVERSION = YES;
				CLANG_WARN_INFINITE_RECURSION = YES;
				CLANG_WARN_INT_CONVERSION = YES;
				CLANG_WARN_NON_LITERAL_NULL_CONVERSION = YES;
				CLANG_WARN_OBJC_LITERAL_CONVERSION = YES;
				CLANG_WARN_OBJC_ROOT_CLASS = YES_ERROR;
				CLANG_WARN_RANGE_LOOP_ANALYSIS = YES;
				CLANG_WARN_STRICT_PROTOTYPES = YES;
				CLANG_WARN_SUSPICIOUS_MOVE = YES;
				CLANG_WARN_UNGUARDED_AVAILABILITY = YES_AGGRESSIVE;
				CLANG_WARN_UNREACHABLE_CODE = YES;
				CLANG_WARN__DUPLICATE_METHOD_MATCH = YES;
				CODE_SIGN_IDENTITY = "iPhone Developer";
				COPY_PHASE_STRIP = NO;
				DEBUG_INFORMATION_FORMAT = "dwarf-with-dsym";
				ENABLE_NS_ASSERTIONS = NO;
				ENABLE_STRICT_OBJC_MSGSEND = YES;
				GCC_C_LANGUAGE_STANDARD = gnu11;
				GCC_NO_COMMON_BLOCKS = YES;
				GCC_WARN_64_TO_32_BIT_CONVERSION = YES;
				GCC_WARN_ABOUT_RETURN_TYPE = YES_ERROR;
				GCC_WARN_UNDECLARED_SELECTOR = YES;
				GCC_WARN_UNINITIALIZED_AUTOS = YES_AGGRESSIVE;
				GCC_WARN_UNUSED_FUNCTION = YES;
				GCC_WARN_UNUSED_VARIABLE = YES;
				IPHONEOS_DEPLOYMENT_TARGET = 11.0;
				MTL_ENABLE_DEBUG_INFO = NO;
				SDKROOT = iphoneos;
				SWIFT_OPTIMIZATION_LEVEL = "-Owholemodule";
				SWIFT_VERSION = "";
				VALIDATE_PRODUCT = YES;
			};
			name = Release;
		};
		3C2A07421F49B700009A7B63 /* Debug */ = {
			isa = XCBuildConfiguration;
			baseConfigurationReference = 42EA38CE6E3845F88EC7719F /* Pods-Smack.debug.xcconfig */;
			buildSettings = {
				ASSETCATALOG_COMPILER_APPICON_NAME = AppIcon;
				CLANG_ENABLE_MODULES = YES;
				DEVELOPMENT_TEAM = 5EMC6RK8V9;
				INFOPLIST_FILE = Smack/Info.plist;
				LD_RUNPATH_SEARCH_PATHS = "$(inherited) @executable_path/Frameworks";
				PRODUCT_BUNDLE_IDENTIFIER = io.github.phucledien.Smack;
				PRODUCT_NAME = "$(TARGET_NAME)";
				SWIFT_OBJC_BRIDGING_HEADER = "Smack/Supporting Files/Smack-Bridging-Header.h";
				SWIFT_OPTIMIZATION_LEVEL = "-Onone";
				SWIFT_VERSION = 4.0;
				TARGETED_DEVICE_FAMILY = "1,2";
			};
			name = Debug;
		};
		3C2A07431F49B700009A7B63 /* Release */ = {
			isa = XCBuildConfiguration;
			baseConfigurationReference = E1EE509554556941B3EB8CAA /* Pods-Smack.release.xcconfig */;
			buildSettings = {
				ASSETCATALOG_COMPILER_APPICON_NAME = AppIcon;
				CLANG_ENABLE_MODULES = YES;
				DEVELOPMENT_TEAM = 5EMC6RK8V9;
				INFOPLIST_FILE = Smack/Info.plist;
				LD_RUNPATH_SEARCH_PATHS = "$(inherited) @executable_path/Frameworks";
				PRODUCT_BUNDLE_IDENTIFIER = io.github.phucledien.Smack;
				PRODUCT_NAME = "$(TARGET_NAME)";
				SWIFT_OBJC_BRIDGING_HEADER = "Smack/Supporting Files/Smack-Bridging-Header.h";
				SWIFT_VERSION = 4.0;
				TARGETED_DEVICE_FAMILY = "1,2";
			};
			name = Release;
		};
/* End XCBuildConfiguration section */

/* Begin XCConfigurationList section */
		3C2A072A1F49B700009A7B63 /* Build configuration list for PBXProject "Smack" */ = {
			isa = XCConfigurationList;
			buildConfigurations = (
				3C2A073F1F49B700009A7B63 /* Debug */,
				3C2A07401F49B700009A7B63 /* Release */,
			);
			defaultConfigurationIsVisible = 0;
			defaultConfigurationName = Release;
		};
		3C2A07411F49B700009A7B63 /* Build configuration list for PBXNativeTarget "Smack" */ = {
			isa = XCConfigurationList;
			buildConfigurations = (
				3C2A07421F49B700009A7B63 /* Debug */,
				3C2A07431F49B700009A7B63 /* Release */,
			);
			defaultConfigurationIsVisible = 0;
			defaultConfigurationName = Release;
		};
/* End XCConfigurationList section */
	};
	rootObject = 3C2A07271F49B700009A7B63 /* Project object */;
}
